
Microsoft Visual Studio Solution File, Format Version 12.00
# Visual Studio Version 17
VisualStudioVersion = 17.5.33516.290
MinimumVisualStudioVersion = 10.0.40219.1
Project("{9A19103F-16F7-4668-BE54-9A1E7A4F7556}") = "EntFrmLab2", "EntFrmLab2\EntFrmLab2.csproj", "{0BC03868-D391-4D2B-B845-714BF539B38F}"
EndProject
Project("{9A19103F-16F7-4668-BE54-9A1E7A4F7556}") = "EntFrmLab2.DAL", "EntFrmLab2.DAL\EntFrmLab2.DAL.csproj", "{1AD44BF3-9372-4C8A-843D-949B2BEEFEB6}"
EndProject
Project("{FAE04EC0-301F-11D3-BF4B-00C04F79EFBC}") = "EntFrmLab2.Test", "EntFrmLab2.Test\EntFrmLab2.Test.csproj", "{179ED84D-D1CD-4C0D-B90B-3C124D6308FA}"
EndProject
Global
	GlobalSection(SolutionConfigurationPlatforms) = preSolution
		Debug|Any CPU = Debug|Any CPU
		Release|Any CPU = Release|Any CPU
	EndGlobalSection
	GlobalSection(ProjectConfigurationPlatforms) = postSolution
		{0BC03868-D391-4D2B-B845-714BF539B38F}.Debug|Any CPU.ActiveCfg = Debug|Any CPU
		{0BC03868-D391-4D2B-B845-714BF539B38F}.Debug|Any CPU.Build.0 = Debug|Any CPU
		{0BC03868-D391-4D2B-B845-714BF539B38F}.Release|Any CPU.ActiveCfg = Release|Any CPU
		{0BC03868-D391-4D2B-B845-714BF539B38F}.Release|Any CPU.Build.0 = Release|Any CPU
		{1AD44BF3-9372-4C8A-843D-949B2BEEFEB6}.Debug|Any CPU.ActiveCfg = Debug|Any CPU
		{1AD44BF3-9372-4C8A-843D-949B2BEEFEB6}.Debug|Any CPU.Build.0 = Debug|Any CPU
		{1AD44BF3-9372-4C8A-843D-949B2BEEFEB6}.Release|Any CPU.ActiveCfg = Release|Any CPU
		{1AD44BF3-9372-4C8A-843D-949B2BEEFEB6}.Release|Any CPU.Build.0 = Release|Any CPU
		{179ED84D-D1CD-4C0D-B90B-3C124D6308FA}.Debug|Any CPU.ActiveCfg = Debug|Any CPU
		{179ED84D-D1CD-4C0D-B90B-3C124D6308FA}.Debug|Any CPU.Build.0 = Debug|Any CPU
		{179ED84D-D1CD-4C0D-B90B-3C124D6308FA}.Release|Any CPU.ActiveCfg = Release|Any CPU
		{179ED84D-D1CD-4C0D-B90B-3C124D6308FA}.Release|Any CPU.Build.0 = Release|Any CPU
	EndGlobalSection
	GlobalSection(SolutionProperties) = preSolution
		HideSolutionNode = FALSE
	EndGlobalSection
	GlobalSection(ExtensibilityGlobals) = postSolution
		SolutionGuid = {7C39A479-7663-4048-BC17-82338396C90A}
	EndGlobalSection
EndGlobal
